{
  "name": "nepalhypnosis",
  "version": "0.0.1",
  "type": "module",
  "scripts": {
    "dev": "astro dev",
    "start": "astro dev",
    "build": "astro build",
    "preview": "astro preview"
  },
  "dependencies": {
    "@astrojs/sitemap": "^3.7.3",
    "@tailwindcss/vite": "^4.3.3",
    "astro": "^7.2.1",
    "clsx": "^2.1.1",
    "tailwind-merge": "^3.6.0",
    "tailwindcss": "^4.3.3"
  },
  "devDependencies": {
    "@types/node": "^24.13.3"
  },
  "engines": {
    "node": ">=22.12.0"
  }
}